
Microsoft Visual Studio Solution File, Format Version 12.00
# Visual Studio Version 17
VisualStudioVersion = 17.14.36414.22
MinimumVisualStudioVersion = 10.0.40219.1
Project("{FAE04EC0-301F-11D3-BF4B-00C04F79EFBC}") = "OnlineGameStoreSystem", "OnlineGameStoreSystem\OnlineGameStoreSystem.csproj", "{2ABD4590-720D-4D97-AF0B-17FEF0519334}"
EndProject
Global
	GlobalSection(SolutionConfigurationPlatforms) = preSolution
		Debug|Any CPU = Debug|Any CPU
		Release|Any CPU = Release|Any CPU
	EndGlobalSection
	GlobalSection(ProjectConfigurationPlatforms) = postSolution
		{2ABD4590-720D-4D97-AF0B-17FEF0519334}.Debug|Any CPU.ActiveCfg = Debug|Any CPU
		{2ABD4590-720D-4D97-AF0B-17FEF0519334}.Debug|Any CPU.Build.0 = Debug|Any CPU
		{2ABD4590-720D-4D97-AF0B-17FEF0519334}.Release|Any CPU.ActiveCfg = Release|Any CPU
		{2ABD4590-720D-4D97-AF0B-17FEF0519334}.Release|Any CPU.Build.0 = Release|Any CPU
	EndGlobalSection
	GlobalSection(SolutionProperties) = preSolution
		HideSolutionNode = FALSE
	EndGlobalSection
	GlobalSection(ExtensibilityGlobals) = postSolution
		SolutionGuid = {C895F3D8-EF78-4E99-963D-55F7679B4376}
	EndGlobalSection
EndGlobal
